
Microsoft Visual Studio Solution File, Format Version 12.00
# Visual Studio 2013
VisualStudioVersion = 12.0.31101.0
MinimumVisualStudioVersion = 10.0.40219.1
Project("{CC5FD16D-436D-48AD-A40C-5A424C6E3E79}") = "DataCollector", "DataCollector\DataCollector.ccproj", "{4185416F-E6CB-48E9-94F9-016DCF895090}"
EndProject
Project("{FAE04EC0-301F-11D3-BF4B-00C04F79EFBC}") = "DataCollectorService", "DataCollectorService\DataCollectorService.csproj", "{B4501E16-4155-4E22-8556-47246BBD2D4D}"
EndProject
Project("{FAE04EC0-301F-11D3-BF4B-00C04F79EFBC}") = "DataCollectorProcessor", "DataCollectorProcessor\DataCollectorProcessor.csproj", "{AA3F814D-E87F-4436-A22F-92B2C71E2595}"
EndProject
Global
	GlobalSection(SolutionConfigurationPlatforms) = preSolution
		Debug|Any CPU = Debug|Any CPU
		Release|Any CPU = Release|Any CPU
	EndGlobalSection
	GlobalSection(ProjectConfigurationPlatforms) = postSolution
		{4185416F-E6CB-48E9-94F9-016DCF895090}.Debug|Any CPU.ActiveCfg = Debug|Any CPU
		{4185416F-E6CB-48E9-94F9-016DCF895090}.Debug|Any CPU.Build.0 = Debug|Any CPU
		{4185416F-E6CB-48E9-94F9-016DCF895090}.Release|Any CPU.ActiveCfg = Release|Any CPU
		{4185416F-E6CB-48E9-94F9-016DCF895090}.Release|Any CPU.Build.0 = Release|Any CPU
		{B4501E16-4155-4E22-8556-47246BBD2D4D}.Debug|Any CPU.ActiveCfg = Debug|Any CPU
		{B4501E16-4155-4E22-8556-47246BBD2D4D}.Debug|Any CPU.Build.0 = Debug|Any CPU
		{B4501E16-4155-4E22-8556-47246BBD2D4D}.Release|Any CPU.ActiveCfg = Release|Any CPU
		{B4501E16-4155-4E22-8556-47246BBD2D4D}.Release|Any CPU.Build.0 = Release|Any CPU
		{AA3F814D-E87F-4436-A22F-92B2C71E2595}.Debug|Any CPU.ActiveCfg = Debug|Any CPU
		{AA3F814D-E87F-4436-A22F-92B2C71E2595}.Debug|Any CPU.Build.0 = Debug|Any CPU
		{AA3F814D-E87F-4436-A22F-92B2C71E2595}.Release|Any CPU.ActiveCfg = Release|Any CPU
		{AA3F814D-E87F-4436-A22F-92B2C71E2595}.Release|Any CPU.Build.0 = Release|Any CPU
	EndGlobalSection
	GlobalSection(SolutionProperties) = preSolution
		HideSolutionNode = FALSE
	EndGlobalSection
EndGlobal
